
Microsoft Visual Studio Solution File, Format Version 12.00
Project("{FAE04EC0-301F-11D3-BF4B-00C04F79EFBC}") = "NPVM", "NPVM\NPVM.csproj", "{37B62AAA-2974-433C-BCE5-D5696765625A}"
EndProject
Global
	GlobalSection(SolutionConfigurationPlatforms) = preSolution
		Debug|Any CPU = Debug|Any CPU
		Release|Any CPU = Release|Any CPU
	EndGlobalSection
	GlobalSection(ProjectConfigurationPlatforms) = postSolution
		{37B62AAA-2974-433C-BCE5-D5696765625A}.Debug|Any CPU.ActiveCfg = Debug|Any CPU
		{37B62AAA-2974-433C-BCE5-D5696765625A}.Debug|Any CPU.Build.0 = Debug|Any CPU
		{37B62AAA-2974-433C-BCE5-D5696765625A}.Release|Any CPU.ActiveCfg = Release|Any CPU
		{37B62AAA-2974-433C-BCE5-D5696765625A}.Release|Any CPU.Build.0 = Release|Any CPU
	EndGlobalSection
EndGlobal
